{"is_source_file": false, "format": "", "description": "", "external_files": [], "external_methods": [], "published": [], "classes": [], "methods": [], "calls": [], "search-terms": [], "state": 2, "file_id": 2, "knowledge_revision": 20, "git_revision": "975b9f558a74ccb927201171f866f0e4d34ee678", "hash": "9c4ed7ef73e22b872b8055bec08b8979", "format-version": 4, "code-base-name": "default", "filename": "tyresense/post_process_status.lock", "revision_history": [{"20": "975b9f558a74ccb927201171f866f0e4d34ee678"}]}