{"is_source_file": false, "format": "", "description": "", "external_files": [], "external_methods": [], "published": [], "classes": [], "methods": [], "calls": [], "search-terms": [], "state": 2, "file_id": 2, "knowledge_revision": 38, "git_revision": "a1e1b1e4be80a894828e276141359e89de50555a", "hash": "9c4ed7ef73e22b872b8055bec08b8979", "format-version": 4, "code-base-name": "default", "filename": "tyresense_frontend/post_process_status.lock", "revision_history": [{"38": "a1e1b1e4be80a894828e276141359e89de50555a"}]}