{"is_source_file": false, "format": "", "description": "", "external_files": [], "external_methods": [], "published": [], "classes": [], "methods": [], "calls": [], "search-terms": [], "state": 2, "file_id": 18, "knowledge_revision": 37, "git_revision": "e0b3c8a9546eb410ce5ae990f4ed9e7371e4851e", "hash": "e9b4c3b42cef0193b7fddb548d37e652", "format-version": 4, "code-base-name": "default", "filename": "tyresense_frontend/post_process_status.lock", "revision_history": [{"37": "e0b3c8a9546eb410ce5ae990f4ed9e7371e4851e"}]}